// !$*UTF8*$!
{
	archiveVersion = 1;
	classes = {
	};
	objectVersion = 46;
	objects = {

/* Begin PBXBuildFile section */
		36B2A78B1748C19800D92393 /* UIKit.framework in Frameworks */ = {isa = PBXBuildFile; fileRef = 36B2A78A1748C19800D92393 /* UIKit.framework */; };
		36B2A78D1748C19800D92393 /* Foundation.framework in Frameworks */ = {isa = PBXBuildFile; fileRef = 36B2A78C1748C19800D92393 /* Foundation.framework */; };
		36B2A78F1748C19800D92393 /* CoreGraphics.framework in Frameworks */ = {isa = PBXBuildFile; fileRef = 36B2A78E1748C19800D92393 /* CoreGraphics.framework */; };
		36B2A7951748C19800D92393 /* InfoPlist.strings in Resources */ = {isa = PBXBuildFile; fileRef = 36B2A7931748C19800D92393 /* InfoPlist.strings */; };
		36B2A7971748C19800D92393 /* main.m in Sources */ = {isa = PBXBuildFile; fileRef = 36B2A7961748C19800D92393 /* main.m */; };
		36B2A79B1748C19800D92393 /* MUAppDelegate.m in Sources */ = {isa = PBXBuildFile; fileRef = 36B2A79A1748C19800D92393 /* MUAppDelegate.m */; };
		36B2A79D1748C19800D92393 /* Default.png in Resources */ = {isa = PBXBuildFile; fileRef = 36B2A79C1748C19800D92393 /* Default.png */; };
		36B2A79F1748C19800D92393 /* Default@2x.png in Resources */ = {isa = PBXBuildFile; fileRef = 36B2A79E1748C19800D92393 /* Default@2x.png */; };
		36B2A7A11748C19800D92393 /* Default-568h@2x.png in Resources */ = {isa = PBXBuildFile; fileRef = 36B2A7A01748C19800D92393 /* Default-568h@2x.png */; };
		36B2A7A41748C19900D92393 /* MainStoryboard.storyboard in Resources */ = {isa = PBXBuildFile; fileRef = 36B2A7A21748C19800D92393 /* MainStoryboard.storyboard */; };
		36B2A7A71748C19900D92393 /* MUViewController.m in Sources */ = {isa = PBXBuildFile; fileRef = 36B2A7A61748C19900D92393 /* MUViewController.m */; };
/* End PBXBuildFile section */

/* Begin PBXFileReference section */
		36B2A7871748C19800D92393 /* Git.app */ = {isa = PBXFileReference; explicitFileType = wrapper.application; includeInIndex = 0; path = Git.app; sourceTree = BUILT_PRODUCTS_DIR; };
		36B2A78A1748C19800D92393 /* UIKit.framework */ = {isa = PBXFileReference; lastKnownFileType = wrapper.framework; name = UIKit.framework; path = System/Library/Frameworks/UIKit.framework; sourceTree = SDKROOT; };
		36B2A78C1748C19800D92393 /* Foundation.framework */ = {isa = PBXFileReference; lastKnownFileType = wrapper.framework; name = Foundation.framework; path = System/Library/Frameworks/Foundation.framework; sourceTree = SDKROOT; };
		36B2A78E1748C19800D92393 /* CoreGraphics.framework */ = {isa = PBXFileReference; lastKnownFileType = wrapper.framework; name = CoreGraphics.framework; path = System/Library/Frameworks/CoreGraphics.framework; sourceTree = SDKROOT; };
		36B2A7921748C19800D92393 /* Git-Info.plist */ = {isa = PBXFileReference; lastKnownFileType = text.plist.xml; path = "Git-Info.plist"; sourceTree = "<group>"; };
		36B2A7941748C19800D92393 /* en */ = {isa = PBXFileReference; lastKnownFileType = text.plist.strings; name = en; path = en.lproj/InfoPlist.strings; sourceTree = "<group>"; };
		36B2A7961748C19800D92393 /* main.m */ = {isa = PBXFileReference; lastKnownFileType = sourcecode.c.objc; path = main.m; sourceTree = "<group>"; };
		36B2A7981748C19800D92393 /* Git-Prefix.pch */ = {isa = PBXFileReference; lastKnownFileType = sourcecode.c.h; path = "Git-Prefix.pch"; sourceTree = "<group>"; };
		36B2A7991748C19800D92393 /* MUAppDelegate.h */ = {isa = PBXFileReference; lastKnownFileType = sourcecode.c.h; path = MUAppDelegate.h; sourceTree = "<group>"; };
		36B2A79A1748C19800D92393 /* MUAppDelegate.m */ = {isa = PBXFileReference; lastKnownFileType = sourcecode.c.objc; path = MUAppDelegate.m; sourceTree = "<group>"; };
		36B2A79C1748C19800D92393 /* Default.png */ = {isa = PBXFileReference; lastKnownFileType = image.png; path = Default.png; sourceTree = "<group>"; };
		36B2A79E1748C19800D92393 /* Default@2x.png */ = {isa = PBXFileReference; lastKnownFileType = image.png; path = "Default@2x.png"; sourceTree = "<group>"; };
		36B2A7A01748C19800D92393 /* Default-568h@2x.png */ = {isa = PBXFileReference; lastKnownFileType = image.png; path = "Default-568h@2x.png"; sourceTree = "<group>"; };
		36B2A7A31748C19800D92393 /* en */ = {isa = PBXFileReference; lastKnownFileType = file.storyboard; name = en; path = en.lproj/MainStoryboard.storyboard; sourceTree = "<group>"; };
		36B2A7A51748C19900D92393 /* MUViewController.h */ = {isa = PBXFileReference; lastKnownFileType = sourcecode.c.h; path = MUViewController.h; sourceTree = "<group>"; };
		36B2A7A61748C19900D92393 /* MUViewController.m */ = {isa = PBXFileReference; lastKnownFileType = sourcecode.c.objc; path = MUViewController.m; sourceTree = "<group>"; };
/* End PBXFileReference section */

/* Begin PBXFrameworksBuildPhase section */
		36B2A7841748C19800D92393 /* Frameworks */ = {
			isa = PBXFrameworksBuildPhase;
			buildActionMask = 2147483647;
			files = (
				36B2A78B1748C19800D92393 /* UIKit.framework in Frameworks */,
				36B2A78D1748C19800D92393 /* Foundation.framework in Frameworks */,
				36B2A78F1748C19800D92393 /* CoreGraphics.framework in Frameworks */,
			);
			runOnlyForDeploymentPostprocessing = 0;
		};
/* End PBXFrameworksBuildPhase section */

/* Begin PBXGroup section */
		36B2A77E1748C19800D92393 = {
			isa = PBXGroup;
			children = (
				36B2A7901748C19800D92393 /* Git */,
				36B2A7891748C19800D92393 /* Frameworks */,
				36B2A7881748C19800D92393 /* Products */,
			);
			sourceTree = "<group>";
		};
		36B2A7881748C19800D92393 /* Products */ = {
			isa = PBXGroup;
			children = (
				36B2A7871748C19800D92393 /* Git.app */,
			);
			name = Products;
			sourceTree = "<group>";
		};
		36B2A7891748C19800D92393 /* Frameworks */ = {
			isa = PBXGroup;
			children = (
				36B2A78A1748C19800D92393 /* UIKit.framework */,
				36B2A78C1748C19800D92393 /* Foundation.framework */,
				36B2A78E1748C19800D92393 /* CoreGraphics.framework */,
			);
			name = Frameworks;
			sourceTree = "<group>";
		};
		36B2A7901748C19800D92393 /* Git */ = {
			isa = PBXGroup;
			children = (
				36B2A7991748C19800D92393 /* MUAppDelegate.h */,
				36B2A79A1748C19800D92393 /* MUAppDelegate.m */,
				36B2A7A21748C19800D92393 /* MainStoryboard.storyboard */,
				36B2A7A51748C19900D92393 /* MUViewController.h */,
				36B2A7A61748C19900D92393 /* MUViewController.m */,
				36B2A7911748C19800D92393 /* Supporting Files */,
			);
			path = Git;
			sourceTree = "<group>";
		};
		36B2A7911748C19800D92393 /* Supporting Files */ = {
			isa = PBXGroup;
			children = (
				36B2A7921748C19800D92393 /* Git-Info.plist */,
				36B2A7931748C19800D92393 /* InfoPlist.strings */,
				36B2A7961748C19800D92393 /* main.m */,
				36B2A7981748C19800D92393 /* Git-Prefix.pch */,
				36B2A79C1748C19800D92393 /* Default.png */,
				36B2A79E1748C19800D92393 /* Default@2x.png */,
				36B2A7A01748C19800D92393 /* Default-568h@2x.png */,
			);
			name = "Supporting Files";
			sourceTree = "<group>";
		};
/* End PBXGroup section */

/* Begin PBXNativeTarget section */
		36B2A7861748C19800D92393 /* Git */ = {
			isa = PBXNativeTarget;
			buildConfigurationList = 36B2A7AA1748C19900D92393 /* Build configuration list for PBXNativeTarget "Git" */;
			buildPhases = (
				36B2A7831748C19800D92393 /* Sources */,
				36B2A7841748C19800D92393 /* Frameworks */,
				36B2A7851748C19800D92393 /* Resources */,
			);
			buildRules = (
			);
			dependencies = (
			);
			name = Git;
			productName = Git;
			productReference = 36B2A7871748C19800D92393 /* Git.app */;
			productType = "com.apple.product-type.application";
		};
/* End PBXNativeTarget section */

/* Begin PBXProject section */
		36B2A77F1748C19800D92393 /* Project object */ = {
			isa = PBXProject;
			attributes = {
				CLASSPREFIX = MU;
				LastUpgradeCheck = 0460;
				ORGANIZATIONNAME = Hank;
			};
			buildConfigurationList = 36B2A7821748C19800D92393 /* Build configuration list for PBXProject "Git" */;
			compatibilityVersion = "Xcode 3.2";
			developmentRegion = English;
			hasScannedForEncodings = 0;
			knownRegions = (
				en,
			);
			mainGroup = 36B2A77E1748C19800D92393;
			productRefGroup = 36B2A7881748C19800D92393 /* Products */;
			projectDirPath = "";
			projectRoot = "";
			targets = (
				36B2A7861748C19800D92393 /* Git */,
			);
		};
/* End PBXProject section */

/* Begin PBXResourcesBuildPhase section */
		36B2A7851748C19800D92393 /* Resources */ = {
			isa = PBXResourcesBuildPhase;
			buildActionMask = 2147483647;
			files = (
				36B2A7951748C19800D92393 /* InfoPlist.strings in Resources */,
				36B2A79D1748C19800D92393 /* Default.png in Resources */,
				36B2A79F1748C19800D92393 /* Default@2x.png in Resources */,
				36B2A7A11748C19800D92393 /* Default-568h@2x.png in Resources */,
				36B2A7A41748C19900D92393 /* MainStoryboard.storyboard in Resources */,
			);
			runOnlyForDeploymentPostprocessing = 0;
		};
/* End PBXResourcesBuildPhase section */

/* Begin PBXSourcesBuildPhase section */
		36B2A7831748C19800D92393 /* Sources */ = {
			isa = PBXSourcesBuildPhase;
			buildActionMask = 2147483647;
			files = (
				36B2A7971748C19800D92393 /* main.m in Sources */,
				36B2A79B1748C19800D92393 /* MUAppDelegate.m in Sources */,
				36B2A7A71748C19900D92393 /* MUViewController.m in Sources */,
			);
			runOnlyForDeploymentPostprocessing = 0;
		};
/* End PBXSourcesBuildPhase section */

/* Begin PBXVariantGroup section */
		36B2A7931748C19800D92393 /* InfoPlist.strings */ = {
			isa = PBXVariantGroup;
			children = (
				36B2A7941748C19800D92393 /* en */,
			);
			name = InfoPlist.strings;
			sourceTree = "<group>";
		};
		36B2A7A21748C19800D92393 /* MainStoryboard.storyboard */ = {
			isa = PBXVariantGroup;
			children = (
				36B2A7A31748C19800D92393 /* en */,
			);
			name = MainStoryboard.storyboard;
			sourceTree = "<group>";
		};
/* End PBXVariantGroup section */

/* Begin XCBuildConfiguration section */
		36B2A7A81748C19900D92393 /* Debug */ = {
			isa = XCBuildConfiguration;
			buildSettings = {
				ALWAYS_SEARCH_USER_PATHS = NO;
				CLANG_CXX_LANGUAGE_STANDARD = "gnu++0x";
				CLANG_CXX_LIBRARY = "libc++";
				CLANG_ENABLE_OBJC_ARC = YES;
				CLANG_WARN_CONSTANT_CONVERSION = YES;
				CLANG_WARN_EMPTY_BODY = YES;
				CLANG_WARN_ENUM_CONVERSION = YES;
				CLANG_WARN_INT_CONVERSION = YES;
				CLANG_WARN__DUPLICATE_METHOD_MATCH = YES;
				"CODE_SIGN_IDENTITY[sdk=iphoneos*]" = "iPhone Developer";
				COPY_PHASE_STRIP = NO;
				GCC_C_LANGUAGE_STANDARD = gnu99;
				GCC_DYNAMIC_NO_PIC = NO;
				GCC_OPTIMIZATION_LEVEL = 0;
				GCC_PREPROCESSOR_DEFINITIONS = (
					"DEBUG=1",
					"$(inherited)",
				);
				GCC_SYMBOLS_PRIVATE_EXTERN = NO;
				GCC_WARN_ABOUT_RETURN_TYPE = YES;
				GCC_WARN_UNINITIALIZED_AUTOS = YES;
				GCC_WARN_UNUSED_VARIABLE = YES;
				IPHONEOS_DEPLOYMENT_TARGET = 6.1;
				ONLY_ACTIVE_ARCH = YES;
				SDKROOT = iphoneos;
			};
			name = Debug;
		};
		36B2A7A91748C19900D92393 /* Release */ = {
			isa = XCBuildConfiguration;
			buildSettings = {
				ALWAYS_SEARCH_USER_PATHS = NO;
				CLANG_CXX_LANGUAGE_STANDARD = "gnu++0x";
				CLANG_CXX_LIBRARY = "libc++";
				CLANG_ENABLE_OBJC_ARC = YES;
				CLANG_WARN_CONSTANT_CONVERSION = YES;
				CLANG_WARN_EMPTY_BODY = YES;
				CLANG_WARN_ENUM_CONVERSION = YES;
				CLANG_WARN_INT_CONVERSION = YES;
				CLANG_WARN__DUPLICATE_METHOD_MATCH = YES;
				"CODE_SIGN_IDENTITY[sdk=iphoneos*]" = "iPhone Developer";
				COPY_PHASE_STRIP = YES;
				GCC_C_LANGUAGE_STANDARD = gnu99;
				GCC_WARN_ABOUT_RETURN_TYPE = YES;
				GCC_WARN_UNINITIALIZED_AUTOS = YES;
				GCC_WARN_UNUSED_VARIABLE = YES;
				IPHONEOS_DEPLOYMENT_TARGET = 6.1;
				OTHER_CFLAGS = "-DNS_BLOCK_ASSERTIONS=1";
				SDKROOT = iphoneos;
				VALIDATE_PRODUCT = YES;
			};
			name = Release;
		};
		36B2A7AB1748C19900D92393 /* Debug */ = {
			isa = XCBuildConfiguration;
			buildSettings = {
				GCC_PRECOMPILE_PREFIX_HEADER = YES;
				GCC_PREFIX_HEADER = "Git/Git-Prefix.pch";
				INFOPLIST_FILE = "Git/Git-Info.plist";
				PRODUCT_NAME = "$(TARGET_NAME)";
				WRAPPER_EXTENSION = app;
			};
			name = Debug;
		};
		36B2A7AC1748C19900D92393 /* Release */ = {
			isa = XCBuildConfiguration;
			buildSettings = {
				GCC_PRECOMPILE_PREFIX_HEADER = YES;
				GCC_PREFIX_HEADER = "Git/Git-Prefix.pch";
				INFOPLIST_FILE = "Git/Git-Info.plist";
				PRODUCT_NAME = "$(TARGET_NAME)";
				WRAPPER_EXTENSION = app;
			};
			name = Release;
		};
/* End XCBuildConfiguration section */

/* Begin XCConfigurationList section */
		36B2A7821748C19800D92393 /* Build configuration list for PBXProject "Git" */ = {
			isa = XCConfigurationList;
			buildConfigurations = (
				36B2A7A81748C19900D92393 /* Debug */,
				36B2A7A91748C19900D92393 /* Release */,
			);
			defaultConfigurationIsVisible = 0;
			defaultConfigurationName = Release;
		};
		36B2A7AA1748C19900D92393 /* Build configuration list for PBXNativeTarget "Git" */ = {
			isa = XCConfigurationList;
			buildConfigurations = (
				36B2A7AB1748C19900D92393 /* Debug */,
				36B2A7AC1748C19900D92393 /* Release */,
			);
			defaultConfigurationIsVisible = 0;
		};
/* End XCConfigurationList section */
	};
	rootObject = 36B2A77F1748C19800D92393 /* Project object */;
}
